
Microsoft Visual Studio Solution File, Format Version 12.00
# Visual Studio 15
VisualStudioVersion = 15.0.28010.2036
MinimumVisualStudioVersion = 10.0.40219.1
Project("{9A19103F-16F7-4668-BE54-9A1E7A4F7556}") = "ConsoleAppRabbitMQNetCore", "ConsoleAppRabbitMQNetCore\ConsoleAppRabbitMQNetCore.csproj", "{42DBD3A3-87BF-4655-B8C0-56C2EFD4FB66}"
EndProject
Project("{FAE04EC0-301F-11D3-BF4B-00C04F79EFBC}") = "RMQProducter", "RMQProducter\RMQProducter.csproj", "{D2DC3A44-FF94-43F5-8617-F4EE21887F96}"
EndProject
Project("{FAE04EC0-301F-11D3-BF4B-00C04F79EFBC}") = "RMQCustomer", "RMQCustomer\RMQCustomer.csproj", "{14931845-F3DF-44FC-8712-D0DB6F65F54D}"
EndProject
Global
	GlobalSection(SolutionConfigurationPlatforms) = preSolution
		Debug|Any CPU = Debug|Any CPU
		Release|Any CPU = Release|Any CPU
	EndGlobalSection
	GlobalSection(ProjectConfigurationPlatforms) = postSolution
		{42DBD3A3-87BF-4655-B8C0-56C2EFD4FB66}.Debug|Any CPU.ActiveCfg = Debug|Any CPU
		{42DBD3A3-87BF-4655-B8C0-56C2EFD4FB66}.Debug|Any CPU.Build.0 = Debug|Any CPU
		{42DBD3A3-87BF-4655-B8C0-56C2EFD4FB66}.Release|Any CPU.ActiveCfg = Release|Any CPU
		{42DBD3A3-87BF-4655-B8C0-56C2EFD4FB66}.Release|Any CPU.Build.0 = Release|Any CPU
		{D2DC3A44-FF94-43F5-8617-F4EE21887F96}.Debug|Any CPU.ActiveCfg = Debug|Any CPU
		{D2DC3A44-FF94-43F5-8617-F4EE21887F96}.Debug|Any CPU.Build.0 = Debug|Any CPU
		{D2DC3A44-FF94-43F5-8617-F4EE21887F96}.Release|Any CPU.ActiveCfg = Release|Any CPU
		{D2DC3A44-FF94-43F5-8617-F4EE21887F96}.Release|Any CPU.Build.0 = Release|Any CPU
		{14931845-F3DF-44FC-8712-D0DB6F65F54D}.Debug|Any CPU.ActiveCfg = Debug|Any CPU
		{14931845-F3DF-44FC-8712-D0DB6F65F54D}.Debug|Any CPU.Build.0 = Debug|Any CPU
		{14931845-F3DF-44FC-8712-D0DB6F65F54D}.Release|Any CPU.ActiveCfg = Release|Any CPU
		{14931845-F3DF-44FC-8712-D0DB6F65F54D}.Release|Any CPU.Build.0 = Release|Any CPU
	EndGlobalSection
	GlobalSection(SolutionProperties) = preSolution
		HideSolutionNode = FALSE
	EndGlobalSection
	GlobalSection(ExtensibilityGlobals) = postSolution
		SolutionGuid = {BB5D9CD5-7C2B-494A-BF69-9BE5998BE59A}
	EndGlobalSection
EndGlobal
